PODS:
  - google-cast-sdk (4.4.7):
    - google-cast-sdk/Core (= 4.4.7)
    - Protobuf (~> 3.0)
  - google-cast-sdk/Core (4.4.7):
    - Protobuf (~> 3.0)
  - Protobuf (3.10.0)

DEPENDENCIES:
  - google-cast-sdk (~> 4.4)

SPEC REPOS:
  trunk:
    - google-cast-sdk
    - Protobuf

SPEC CHECKSUMS:
  google-cast-sdk: 5fb55ce696a3d37f213b64b4f508577ccabd1a36
  Protobuf: a4dc852ad69c027ca2166ed287b856697814375b

PODFILE CHECKSUM: 69df06ca0cb5418a1f8a176f13ea6189c384b6a0

COCOAPODS: 1.9.1
